
Microsoft Visual Studio Solution File, Format Version 12.00
# Visual Studio Version 16
VisualStudioVersion = 16.0.32106.194
MinimumVisualStudioVersion = 10.0.40219.1
Project("{FAE04EC0-301F-11D3-BF4B-00C04F79EFBC}") = "Pizzaaaaaaaa storeeeeeeeeee", "Pizzaaaaaaaa storeeeeeeeeee\Pizzaaaaaaaa storeeeeeeeeee.csproj", "{1104BD13-2844-484E-A177-8E47F159651B}"
EndProject
Global
	GlobalSection(SolutionConfigurationPlatforms) = preSolution
		Debug|Any CPU = Debug|Any CPU
		Release|Any CPU = Release|Any CPU
	EndGlobalSection
	GlobalSection(ProjectConfigurationPlatforms) = postSolution
		{1104BD13-2844-484E-A177-8E47F159651B}.Debug|Any CPU.ActiveCfg = Debug|Any CPU
		{1104BD13-2844-484E-A177-8E47F159651B}.Debug|Any CPU.Build.0 = Debug|Any CPU
		{1104BD13-2844-484E-A177-8E47F159651B}.Release|Any CPU.ActiveCfg = Release|Any CPU
		{1104BD13-2844-484E-A177-8E47F159651B}.Release|Any CPU.Build.0 = Release|Any CPU
	EndGlobalSection
	GlobalSection(SolutionProperties) = preSolution
		HideSolutionNode = FALSE
	EndGlobalSection
	GlobalSection(ExtensibilityGlobals) = postSolution
		SolutionGuid = {F13EFAD9-1CC0-44F0-8A09-3B6AEFF18C95}
	EndGlobalSection
EndGlobal
